
Microsoft Visual Studio Solution File, Format Version 12.00
# Visual Studio Version 17
VisualStudioVersion = 17.14.36109.1 d17.14
MinimumVisualStudioVersion = 10.0.40219.1
Project("{FAE04EC0-301F-11D3-BF4B-00C04F79EFBC}") = "WareHouseCTL", "WareHouseCTL\WareHouseCTL.csproj", "{ABAEF1D9-7732-4CC1-AE0F-FAF139A26550}"
EndProject
Global
	GlobalSection(SolutionConfigurationPlatforms) = preSolution
		Debug|Any CPU = Debug|Any CPU
		Release|Any CPU = Release|Any CPU
	EndGlobalSection
	GlobalSection(ProjectConfigurationPlatforms) = postSolution
		{ABAEF1D9-7732-4CC1-AE0F-FAF139A26550}.Debug|Any CPU.ActiveCfg = Debug|Any CPU
		{ABAEF1D9-7732-4CC1-AE0F-FAF139A26550}.Debug|Any CPU.Build.0 = Debug|Any CPU
		{ABAEF1D9-7732-4CC1-AE0F-FAF139A26550}.Release|Any CPU.ActiveCfg = Release|Any CPU
		{ABAEF1D9-7732-4CC1-AE0F-FAF139A26550}.Release|Any CPU.Build.0 = Release|Any CPU
	EndGlobalSection
	GlobalSection(SolutionProperties) = preSolution
		HideSolutionNode = FALSE
	EndGlobalSection
	GlobalSection(ExtensibilityGlobals) = postSolution
		SolutionGuid = {BD997C98-2BC8-4177-B4C6-A829891BF82E}
	EndGlobalSection
EndGlobal
